
Microsoft Visual Studio Solution File, Format Version 12.00
# Visual Studio Version 16
VisualStudioVersion = 16.0.31205.134
MinimumVisualStudioVersion = 10.0.40219.1
Project("{FAE04EC0-301F-11D3-BF4B-00C04F79EFBC}") = "MockAssessment2a", "MockAssessment2a\MockAssessment2a.csproj", "{80ACDE61-E8D7-4407-9356-FD95F8ABCDD1}"
EndProject
Global
	GlobalSection(SolutionConfigurationPlatforms) = preSolution
		Debug|Any CPU = Debug|Any CPU
		Release|Any CPU = Release|Any CPU
	EndGlobalSection
	GlobalSection(ProjectConfigurationPlatforms) = postSolution
		{80ACDE61-E8D7-4407-9356-FD95F8ABCDD1}.Debug|Any CPU.ActiveCfg = Debug|Any CPU
		{80ACDE61-E8D7-4407-9356-FD95F8ABCDD1}.Debug|Any CPU.Build.0 = Debug|Any CPU
		{80ACDE61-E8D7-4407-9356-FD95F8ABCDD1}.Release|Any CPU.ActiveCfg = Release|Any CPU
		{80ACDE61-E8D7-4407-9356-FD95F8ABCDD1}.Release|Any CPU.Build.0 = Release|Any CPU
	EndGlobalSection
	GlobalSection(SolutionProperties) = preSolution
		HideSolutionNode = FALSE
	EndGlobalSection
	GlobalSection(ExtensibilityGlobals) = postSolution
		SolutionGuid = {E0A5E05C-651F-44A5-B3CF-D90E78594146}
	EndGlobalSection
EndGlobal
